
Microsoft Visual Studio Solution File, Format Version 12.00
# Visual Studio Version 17
VisualStudioVersion = 17.10.35027.167
MinimumVisualStudioVersion = 10.0.40219.1
Project("{888888A0-9F3D-457C-B088-3A5042F75D52}") = "SGIBOSApi", "SGIBOSApi\SGIBOSApi.pyproj", "{29C10565-D276-475B-9657-9A8A82FB8BEA}"
EndProject
Global
	GlobalSection(SolutionConfigurationPlatforms) = preSolution
		Debug|Any CPU = Debug|Any CPU
		Release|Any CPU = Release|Any CPU
	EndGlobalSection
	GlobalSection(ProjectConfigurationPlatforms) = postSolution
		{29C10565-D276-475B-9657-9A8A82FB8BEA}.Debug|Any CPU.ActiveCfg = Debug|Any CPU
		{29C10565-D276-475B-9657-9A8A82FB8BEA}.Release|Any CPU.ActiveCfg = Release|Any CPU
	EndGlobalSection
	GlobalSection(SolutionProperties) = preSolution
		HideSolutionNode = FALSE
	EndGlobalSection
	GlobalSection(ExtensibilityGlobals) = postSolution
		SolutionGuid = {BA9AD571-8562-4B92-AA59-D1D08E7F95E9}
	EndGlobalSection
EndGlobal
